// !$*UTF8*$!
{
	archiveVersion = 1;
	classes = {
	};
	objectVersion = 56;
	objects = {

/* Begin PBXBuildFile section */
		BC0A23ED2ABD7ECA00CA6587 /* FPMesh.swift in Sources */ = {isa = PBXBuildFile; fileRef = BC0A23EC2ABD7ECA00CA6587 /* FPMesh.swift */; };
		BCACD8E92AC58BE00079BF71 /* Meshes in Resources */ = {isa = PBXBuildFile; fileRef = BCACD8E82AC58BE00079BF71 /* Meshes */; };
		BCB980402ABB3DA800CC5B08 /* AppDelegate.swift in Sources */ = {isa = PBXBuildFile; fileRef = BCB9803F2ABB3DA800CC5B08 /* AppDelegate.swift */; };
		BCB980432ABB3DA800CC5B08 /* FPRenderer.swift in Sources */ = {isa = PBXBuildFile; fileRef = BCB980422ABB3DA800CC5B08 /* FPRenderer.swift */; };
		BCB980452ABB3DA800CC5B08 /* GameViewController.swift in Sources */ = {isa = PBXBuildFile; fileRef = BCB980442ABB3DA800CC5B08 /* GameViewController.swift */; };
		BCB9804A2ABB3DA800CC5B08 /* Main.storyboard in Resources */ = {isa = PBXBuildFile; fileRef = BCB980482ABB3DA800CC5B08 /* Main.storyboard */; };
		BCB9804C2ABB3DAA00CC5B08 /* Assets.xcassets in Resources */ = {isa = PBXBuildFile; fileRef = BCB9804B2ABB3DAA00CC5B08 /* Assets.xcassets */; };
		BCB9804F2ABB3DAA00CC5B08 /* LaunchScreen.storyboard in Resources */ = {isa = PBXBuildFile; fileRef = BCB9804D2ABB3DAA00CC5B08 /* LaunchScreen.storyboard */; };
		BCB980722ABC24A500CC5B08 /* FPDepthPass.metal in Sources */ = {isa = PBXBuildFile; fileRef = BCB980712ABC24A500CC5B08 /* FPDepthPass.metal */; };
		BCB980782ABC273800CC5B08 /* FPCulling.metal in Sources */ = {isa = PBXBuildFile; fileRef = BCB980772ABC273800CC5B08 /* FPCulling.metal */; };
		BCB9807A2ABC282800CC5B08 /* FPForward.metal in Sources */ = {isa = PBXBuildFile; fileRef = BCB980792ABC282800CC5B08 /* FPForward.metal */; };
		BCB9807C2ABC3C8300CC5B08 /* MathUtilities.swift in Sources */ = {isa = PBXBuildFile; fileRef = BCB9807B2ABC3C8300CC5B08 /* MathUtilities.swift */; };
		BCD01CB32AC2A52500A098C2 /* FPFairy.metal in Sources */ = {isa = PBXBuildFile; fileRef = BCD01CB22AC2A52500A098C2 /* FPFairy.metal */; };
/* End PBXBuildFile section */

/* Begin PBXFileReference section */
		BC0A23EC2ABD7ECA00CA6587 /* FPMesh.swift */ = {isa = PBXFileReference; lastKnownFileType = sourcecode.swift; path = FPMesh.swift; sourceTree = "<group>"; };
		BCACD8E82AC58BE00079BF71 /* Meshes */ = {isa = PBXFileReference; lastKnownFileType = folder; path = Meshes; sourceTree = "<group>"; };
		BCACD8EA2AC5C0630079BF71 /* ForwardPlusRendererPort.entitlements */ = {isa = PBXFileReference; lastKnownFileType = text.plist.entitlements; path = ForwardPlusRendererPort.entitlements; sourceTree = "<group>"; };
		BCACD8EC2AC5C8EE0079BF71 /* MetalPerformanceShadersGraph.framework */ = {isa = PBXFileReference; lastKnownFileType = wrapper.framework; name = MetalPerformanceShadersGraph.framework; path = System/Library/Frameworks/MetalPerformanceShadersGraph.framework; sourceTree = SDKROOT; };
		BCACD8ED2AC5C8EE0079BF71 /* MetalKit.framework */ = {isa = PBXFileReference; lastKnownFileType = wrapper.framework; name = MetalKit.framework; path = System/Library/Frameworks/MetalKit.framework; sourceTree = SDKROOT; };
		BCACD8EE2AC5C8EE0079BF71 /* Metal.framework */ = {isa = PBXFileReference; lastKnownFileType = wrapper.framework; name = Metal.framework; path = System/Library/Frameworks/Metal.framework; sourceTree = SDKROOT; };
		BCACD8EF2AC5C8EE0079BF71 /* MetalFX.framework */ = {isa = PBXFileReference; lastKnownFileType = wrapper.framework; name = MetalFX.framework; path = System/Library/Frameworks/MetalFX.framework; sourceTree = SDKROOT; };
		BCACD8F02AC5C8EE0079BF71 /* MetalPerformanceShaders.framework */ = {isa = PBXFileReference; lastKnownFileType = wrapper.framework; name = MetalPerformanceShaders.framework; path = System/Library/Frameworks/MetalPerformanceShaders.framework; sourceTree = SDKROOT; };
		BCACD8F62AC5C8FC0079BF71 /* ModelIO.framework */ = {isa = PBXFileReference; lastKnownFileType = wrapper.framework; name = ModelIO.framework; path = System/Library/Frameworks/ModelIO.framework; sourceTree = SDKROOT; };
		BCB9803C2ABB3DA800CC5B08 /* ForwardPlusRendererPort.app */ = {isa = PBXFileReference; explicitFileType = wrapper.application; includeInIndex = 0; path = ForwardPlusRendererPort.app; sourceTree = BUILT_PRODUCTS_DIR; };
		BCB9803F2ABB3DA800CC5B08 /* AppDelegate.swift */ = {isa = PBXFileReference; lastKnownFileType = sourcecode.swift; path = AppDelegate.swift; sourceTree = "<group>"; };
		BCB980422ABB3DA800CC5B08 /* FPRenderer.swift */ = {isa = PBXFileReference; lastKnownFileType = sourcecode.swift; path = FPRenderer.swift; sourceTree = "<group>"; };
		BCB980442ABB3DA800CC5B08 /* GameViewController.swift */ = {isa = PBXFileReference; lastKnownFileType = sourcecode.swift; path = GameViewController.swift; sourceTree = "<group>"; };
		BCB980492ABB3DA800CC5B08 /* Base */ = {isa = PBXFileReference; lastKnownFileType = file.storyboard; name = Base; path = Base.lproj/Main.storyboard; sourceTree = "<group>"; };
		BCB9804B2ABB3DAA00CC5B08 /* Assets.xcassets */ = {isa = PBXFileReference; lastKnownFileType = folder.assetcatalog; path = Assets.xcassets; sourceTree = "<group>"; };
		BCB9804E2ABB3DAA00CC5B08 /* Base */ = {isa = PBXFileReference; lastKnownFileType = file.storyboard; name = Base; path = Base.lproj/LaunchScreen.storyboard; sourceTree = "<group>"; };
		BCB980712ABC24A500CC5B08 /* FPDepthPass.metal */ = {isa = PBXFileReference; lastKnownFileType = sourcecode.metal; path = FPDepthPass.metal; sourceTree = "<group>"; };
		BCB980752ABC253C00CC5B08 /* FPShaderCommon.h */ = {isa = PBXFileReference; lastKnownFileType = sourcecode.c.h; path = FPShaderCommon.h; sourceTree = "<group>"; };
		BCB980762ABC259400CC5B08 /* FPShaderTypes.h */ = {isa = PBXFileReference; lastKnownFileType = sourcecode.c.h; path = FPShaderTypes.h; sourceTree = "<group>"; };
		BCB980772ABC273800CC5B08 /* FPCulling.metal */ = {isa = PBXFileReference; lastKnownFileType = sourcecode.metal; path = FPCulling.metal; sourceTree = "<group>"; };
		BCB980792ABC282800CC5B08 /* FPForward.metal */ = {isa = PBXFileReference; lastKnownFileType = sourcecode.metal; path = FPForward.metal; sourceTree = "<group>"; };
		BCB9807B2ABC3C8300CC5B08 /* MathUtilities.swift */ = {isa = PBXFileReference; lastKnownFileType = sourcecode.swift; path = MathUtilities.swift; sourceTree = "<group>"; };
		BCD01CB22AC2A52500A098C2 /* FPFairy.metal */ = {isa = PBXFileReference; lastKnownFileType = sourcecode.metal; path = FPFairy.metal; sourceTree = "<group>"; };
/* End PBXFileReference section */

/* Begin PBXFrameworksBuildPhase section */
		BCB980392ABB3DA800CC5B08 /* Frameworks */ = {
			isa = PBXFrameworksBuildPhase;
			buildActionMask = 2147483647;
			files = (
			);
			runOnlyForDeploymentPostprocessing = 0;
		};
/* End PBXFrameworksBuildPhase section */

/* Begin PBXGroup section */
		BCACD8EB2AC5C8EE0079BF71 /* Frameworks */ = {
			isa = PBXGroup;
			children = (
				BCACD8F62AC5C8FC0079BF71 /* ModelIO.framework */,
				BCACD8EE2AC5C8EE0079BF71 /* Metal.framework */,
				BCACD8EF2AC5C8EE0079BF71 /* MetalFX.framework */,
				BCACD8ED2AC5C8EE0079BF71 /* MetalKit.framework */,
				BCACD8F02AC5C8EE0079BF71 /* MetalPerformanceShaders.framework */,
				BCACD8EC2AC5C8EE0079BF71 /* MetalPerformanceShadersGraph.framework */,
			);
			name = Frameworks;
			sourceTree = "<group>";
		};
		BCB980332ABB3DA800CC5B08 = {
			isa = PBXGroup;
			children = (
				BCB9803E2ABB3DA800CC5B08 /* ForwardPlusRendererPort */,
				BCB9803D2ABB3DA800CC5B08 /* Products */,
				BCACD8EB2AC5C8EE0079BF71 /* Frameworks */,
			);
			sourceTree = "<group>";
		};
		BCB9803D2ABB3DA800CC5B08 /* Products */ = {
			isa = PBXGroup;
			children = (
				BCB9803C2ABB3DA800CC5B08 /* ForwardPlusRendererPort.app */,
			);
			name = Products;
			sourceTree = "<group>";
		};
		BCB9803E2ABB3DA800CC5B08 /* ForwardPlusRendererPort */ = {
			isa = PBXGroup;
			children = (
				BCACD8EA2AC5C0630079BF71 /* ForwardPlusRendererPort.entitlements */,
				BCACD8E82AC58BE00079BF71 /* Meshes */,
				BCD01CB22AC2A52500A098C2 /* FPFairy.metal */,
				BCB9803F2ABB3DA800CC5B08 /* AppDelegate.swift */,
				BCB980752ABC253C00CC5B08 /* FPShaderCommon.h */,
				BCB980422ABB3DA800CC5B08 /* FPRenderer.swift */,
				BCB980442ABB3DA800CC5B08 /* GameViewController.swift */,
				BCB980482ABB3DA800CC5B08 /* Main.storyboard */,
				BCB9804B2ABB3DAA00CC5B08 /* Assets.xcassets */,
				BCB9804D2ABB3DAA00CC5B08 /* LaunchScreen.storyboard */,
				BCB980712ABC24A500CC5B08 /* FPDepthPass.metal */,
				BCB980762ABC259400CC5B08 /* FPShaderTypes.h */,
				BCB980772ABC273800CC5B08 /* FPCulling.metal */,
				BCB980792ABC282800CC5B08 /* FPForward.metal */,
				BCB9807B2ABC3C8300CC5B08 /* MathUtilities.swift */,
				BC0A23EC2ABD7ECA00CA6587 /* FPMesh.swift */,
			);
			path = ForwardPlusRendererPort;
			sourceTree = "<group>";
		};
/* End PBXGroup section */

/* Begin PBXNativeTarget section */
		BCB9803B2ABB3DA800CC5B08 /* ForwardPlusRendererPort */ = {
			isa = PBXNativeTarget;
			buildConfigurationList = BCB980682ABB3DAA00CC5B08 /* Build configuration list for PBXNativeTarget "ForwardPlusRendererPort" */;
			buildPhases = (
				BCB980382ABB3DA800CC5B08 /* Sources */,
				BCB980392ABB3DA800CC5B08 /* Frameworks */,
				BCB9803A2ABB3DA800CC5B08 /* Resources */,
			);
			buildRules = (
			);
			dependencies = (
			);
			name = ForwardPlusRendererPort;
			productName = ForwardPlusRendererPort;
			productReference = BCB9803C2ABB3DA800CC5B08 /* ForwardPlusRendererPort.app */;
			productType = "com.apple.product-type.application";
		};
/* End PBXNativeTarget section */

/* Begin PBXProject section */
		BCB980342ABB3DA800CC5B08 /* Project object */ = {
			isa = PBXProject;
			attributes = {
				BuildIndependentTargetsInParallel = 1;
				KnownAssetTags = (
					New,
				);
				LastSwiftUpdateCheck = 1500;
				LastUpgradeCheck = 1500;
				TargetAttributes = {
					BCB9803B2ABB3DA800CC5B08 = {
						CreatedOnToolsVersion = 15.0;
					};
				};
			};
			buildConfigurationList = BCB980372ABB3DA800CC5B08 /* Build configuration list for PBXProject "ForwardPlusRendererPort" */;
			compatibilityVersion = "Xcode 14.0";
			developmentRegion = en;
			hasScannedForEncodings = 0;
			knownRegions = (
				en,
				Base,
			);
			mainGroup = BCB980332ABB3DA800CC5B08;
			productRefGroup = BCB9803D2ABB3DA800CC5B08 /* Products */;
			projectDirPath = "";
			projectRoot = "";
			targets = (
				BCB9803B2ABB3DA800CC5B08 /* ForwardPlusRendererPort */,
			);
		};
/* End PBXProject section */

/* Begin PBXResourcesBuildPhase section */
		BCB9803A2ABB3DA800CC5B08 /* Resources */ = {
			isa = PBXResourcesBuildPhase;
			buildActionMask = 2147483647;
			files = (
				BCB9804F2ABB3DAA00CC5B08 /* LaunchScreen.storyboard in Resources */,
				BCB9804C2ABB3DAA00CC5B08 /* Assets.xcassets in Resources */,
				BCB9804A2ABB3DA800CC5B08 /* Main.storyboard in Resources */,
				BCACD8E92AC58BE00079BF71 /* Meshes in Resources */,
			);
			runOnlyForDeploymentPostprocessing = 0;
		};
/* End PBXResourcesBuildPhase section */

/* Begin PBXSourcesBuildPhase section */
		BCB980382ABB3DA800CC5B08 /* Sources */ = {
			isa = PBXSourcesBuildPhase;
			buildActionMask = 2147483647;
			files = (
				BCB980432ABB3DA800CC5B08 /* FPRenderer.swift in Sources */,
				BCB980452ABB3DA800CC5B08 /* GameViewController.swift in Sources */,
				BC0A23ED2ABD7ECA00CA6587 /* FPMesh.swift in Sources */,
				BCD01CB32AC2A52500A098C2 /* FPFairy.metal in Sources */,
				BCB980402ABB3DA800CC5B08 /* AppDelegate.swift in Sources */,
				BCB9807C2ABC3C8300CC5B08 /* MathUtilities.swift in Sources */,
				BCB980782ABC273800CC5B08 /* FPCulling.metal in Sources */,
				BCB9807A2ABC282800CC5B08 /* FPForward.metal in Sources */,
				BCB980722ABC24A500CC5B08 /* FPDepthPass.metal in Sources */,
			);
			runOnlyForDeploymentPostprocessing = 0;
		};
/* End PBXSourcesBuildPhase section */

/* Begin PBXVariantGroup section */
		BCB980482ABB3DA800CC5B08 /* Main.storyboard */ = {
			isa = PBXVariantGroup;
			children = (
				BCB980492ABB3DA800CC5B08 /* Base */,
			);
			name = Main.storyboard;
			sourceTree = "<group>";
		};
		BCB9804D2ABB3DAA00CC5B08 /* LaunchScreen.storyboard */ = {
			isa = PBXVariantGroup;
			children = (
				BCB9804E2ABB3DAA00CC5B08 /* Base */,
			);
			name = LaunchScreen.storyboard;
			sourceTree = "<group>";
		};
/* End PBXVariantGroup section */

/* Begin XCBuildConfiguration section */
		BCB980662ABB3DAA00CC5B08 /* Debug */ = {
			isa = XCBuildConfiguration;
			buildSettings = {
				ALWAYS_SEARCH_USER_PATHS = NO;
				ASSETCATALOG_COMPILER_GENERATE_SWIFT_ASSET_SYMBOL_EXTENSIONS = YES;
				CLANG_ANALYZER_NONNULL = YES;
				CLANG_ANALYZER_NUMBER_OBJECT_CONVERSION = YES_AGGRESSIVE;
				CLANG_ANALYZER_OSOBJECT_C_STYLE_CAST = NO;
				CLANG_ANALYZER_SECURITY_FLOATLOOPCOUNTER = YES;
				CLANG_CXX_LANGUAGE_STANDARD = "gnu++20";
				CLANG_ENABLE_MODULES = YES;
				CLANG_ENABLE_OBJC_ARC = YES;
				CLANG_ENABLE_OBJC_WEAK = YES;
				CLANG_WARN_BLOCK_CAPTURE_AUTORELEASING = YES;
				CLANG_WARN_BOOL_CONVERSION = YES;
				CLANG_WARN_COMMA = YES;
				CLANG_WARN_CONSTANT_CONVERSION = YES;
				CLANG_WARN_DEPRECATED_OBJC_IMPLEMENTATIONS = YES;
				CLANG_WARN_DIRECT_OBJC_ISA_USAGE = YES_ERROR;
				CLANG_WARN_DOCUMENTATION_COMMENTS = YES;
				CLANG_WARN_EMPTY_BODY = YES;
				CLANG_WARN_ENUM_CONVERSION = YES;
				CLANG_WARN_INFINITE_RECURSION = YES;
				CLANG_WARN_INT_CONVERSION = YES;
				CLANG_WARN_NON_LITERAL_NULL_CONVERSION = YES;
				CLANG_WARN_OBJC_IMPLICIT_RETAIN_SELF = YES;
				CLANG_WARN_OBJC_LITERAL_CONVERSION = YES;
				CLANG_WARN_OBJC_ROOT_CLASS = YES_ERROR;
				CLANG_WARN_QUOTED_INCLUDE_IN_FRAMEWORK_HEADER = YES;
				CLANG_WARN_RANGE_LOOP_ANALYSIS = YES;
				CLANG_WARN_STRICT_PROTOTYPES = YES;
				CLANG_WARN_SUSPICIOUS_MOVE = YES;
				CLANG_WARN_UNGUARDED_AVAILABILITY = YES_AGGRESSIVE;
				CLANG_WARN_UNREACHABLE_CODE = YES;
				CLANG_WARN__DUPLICATE_METHOD_MATCH = YES;
				COPY_PHASE_STRIP = NO;
				DEBUG_INFORMATION_FORMAT = dwarf;
				ENABLE_ON_DEMAND_RESOURCES = YES;
				ENABLE_STRICT_OBJC_MSGSEND = YES;
				ENABLE_TESTABILITY = YES;
				ENABLE_USER_SCRIPT_SANDBOXING = YES;
				GCC_C_LANGUAGE_STANDARD = gnu17;
				GCC_DYNAMIC_NO_PIC = NO;
				GCC_NO_COMMON_BLOCKS = YES;
				GCC_OPTIMIZATION_LEVEL = 0;
				GCC_PREPROCESSOR_DEFINITIONS = (
					"DEBUG=1",
					"$(inherited)",
				);
				GCC_WARN_64_TO_32_BIT_CONVERSION = YES;
				GCC_WARN_ABOUT_RETURN_TYPE = YES_ERROR;
				GCC_WARN_UNDECLARED_SELECTOR = YES;
				GCC_WARN_UNINITIALIZED_AUTOS = YES_AGGRESSIVE;
				GCC_WARN_UNUSED_FUNCTION = YES;
				GCC_WARN_UNUSED_VARIABLE = YES;
				IPHONEOS_DEPLOYMENT_TARGET = 17.0;
				LOCALIZATION_PREFERS_STRING_CATALOGS = YES;
				MTL_ENABLE_DEBUG_INFO = INCLUDE_SOURCE;
				MTL_FAST_MATH = YES;
				ONLY_ACTIVE_ARCH = YES;
				SDKROOT = iphoneos;
				SWIFT_ACTIVE_COMPILATION_CONDITIONS = "DEBUG $(inherited)";
				SWIFT_OPTIMIZATION_LEVEL = "-Onone";
				SWIFT_VERSION = 5.0;
			};
			name = Debug;
		};
		BCB980672ABB3DAA00CC5B08 /* Release */ = {
			isa = XCBuildConfiguration;
			buildSettings = {
				ALWAYS_SEARCH_USER_PATHS = NO;
				ASSETCATALOG_COMPILER_GENERATE_SWIFT_ASSET_SYMBOL_EXTENSIONS = YES;
				CLANG_ANALYZER_NONNULL = YES;
				CLANG_ANALYZER_NUMBER_OBJECT_CONVERSION = YES_AGGRESSIVE;
				CLANG_ANALYZER_OSOBJECT_C_STYLE_CAST = NO;
				CLANG_ANALYZER_SECURITY_FLOATLOOPCOUNTER = YES;
				CLANG_CXX_LANGUAGE_STANDARD = "gnu++20";
				CLANG_ENABLE_MODULES = YES;
				CLANG_ENABLE_OBJC_ARC = YES;
				CLANG_ENABLE_OBJC_WEAK = YES;
				CLANG_WARN_BLOCK_CAPTURE_AUTORELEASING = YES;
				CLANG_WARN_BOOL_CONVERSION = YES;
				CLANG_WARN_COMMA = YES;
				CLANG_WARN_CONSTANT_CONVERSION = YES;
				CLANG_WARN_DEPRECATED_OBJC_IMPLEMENTATIONS = YES;
				CLANG_WARN_DIRECT_OBJC_ISA_USAGE = YES_ERROR;
				CLANG_WARN_DOCUMENTATION_COMMENTS = YES;
				CLANG_WARN_EMPTY_BODY = YES;
				CLANG_WARN_ENUM_CONVERSION = YES;
				CLANG_WARN_INFINITE_RECURSION = YES;
				CLANG_WARN_INT_CONVERSION = YES;
				CLANG_WARN_NON_LITERAL_NULL_CONVERSION = YES;
				CLANG_WARN_OBJC_IMPLICIT_RETAIN_SELF = YES;
				CLANG_WARN_OBJC_LITERAL_CONVERSION = YES;
				CLANG_WARN_OBJC_ROOT_CLASS = YES_ERROR;
				CLANG_WARN_QUOTED_INCLUDE_IN_FRAMEWORK_HEADER = YES;
				CLANG_WARN_RANGE_LOOP_ANALYSIS = YES;
				CLANG_WARN_STRICT_PROTOTYPES = YES;
				CLANG_WARN_SUSPICIOUS_MOVE = YES;
				CLANG_WARN_UNGUARDED_AVAILABILITY = YES_AGGRESSIVE;
				CLANG_WARN_UNREACHABLE_CODE = YES;
				CLANG_WARN__DUPLICATE_METHOD_MATCH = YES;
				COPY_PHASE_STRIP = YES;
				DEBUG_INFORMATION_FORMAT = "dwarf-with-dsym";
				ENABLE_NS_ASSERTIONS = NO;
				ENABLE_ON_DEMAND_RESOURCES = YES;
				ENABLE_STRICT_OBJC_MSGSEND = YES;
				ENABLE_USER_SCRIPT_SANDBOXING = YES;
				GCC_C_LANGUAGE_STANDARD = gnu17;
				GCC_NO_COMMON_BLOCKS = YES;
				GCC_WARN_64_TO_32_BIT_CONVERSION = YES;
				GCC_WARN_ABOUT_RETURN_TYPE = YES_ERROR;
				GCC_WARN_UNDECLARED_SELECTOR = YES;
				GCC_WARN_UNINITIALIZED_AUTOS = YES_AGGRESSIVE;
				GCC_WARN_UNUSED_FUNCTION = YES;
				GCC_WARN_UNUSED_VARIABLE = YES;
				IPHONEOS_DEPLOYMENT_TARGET = 17.0;
				LOCALIZATION_PREFERS_STRING_CATALOGS = YES;
				MTL_ENABLE_DEBUG_INFO = NO;
				MTL_FAST_MATH = YES;
				ONLY_ACTIVE_ARCH = NO;
				SDKROOT = iphoneos;
				SWIFT_COMPILATION_MODE = wholemodule;
				SWIFT_VERSION = 5.0;
				VALIDATE_PRODUCT = YES;
			};
			name = Release;
		};
		BCB980692ABB3DAA00CC5B08 /* Debug */ = {
			isa = XCBuildConfiguration;
			buildSettings = {
				ARCHS = "$(ARCHS_STANDARD)";
				ASSETCATALOG_COMPILER_APPICON_NAME = AppIcon;
				ASSETCATALOG_COMPILER_GLOBAL_ACCENT_COLOR_NAME = AccentColor;
				CODE_SIGN_ENTITLEMENTS = ForwardPlusRendererPort/ForwardPlusRendererPort.entitlements;
				CODE_SIGN_STYLE = Automatic;
				CURRENT_PROJECT_VERSION = 1;
				DEVELOPMENT_TEAM = DPXLR65392;
				ENABLE_ON_DEMAND_RESOURCES = "$(__IS_NOT_MACOS)";
				EXCLUDED_ARCHS = "";
				GENERATE_INFOPLIST_FILE = YES;
				INFOPLIST_KEY_UIApplicationSupportsIndirectInputEvents = YES;
				INFOPLIST_KEY_UILaunchStoryboardName = LaunchScreen;
				INFOPLIST_KEY_UIMainStoryboardFile = Main;
				INFOPLIST_KEY_UIStatusBarHidden = YES;
				INFOPLIST_KEY_UISupportedInterfaceOrientations_iPad = "UIInterfaceOrientationPortrait UIInterfaceOrientationPortraitUpsideDown UIInterfaceOrientationLandscapeLeft UIInterfaceOrientationLandscapeRight";
				INFOPLIST_KEY_UISupportedInterfaceOrientations_iPhone = "UIInterfaceOrientationPortrait UIInterfaceOrientationLandscapeLeft UIInterfaceOrientationLandscapeRight";
				IPHONEOS_DEPLOYMENT_TARGET = 17.0;
				LD_RUNPATH_SEARCH_PATHS = (
					"$(inherited)",
					"@executable_path/Frameworks",
				);
				MARKETING_VERSION = 1.0;
				PRODUCT_BUNDLE_IDENTIFIER = com.cuthbert.ForwardPlusRendererPort;
				PRODUCT_NAME = "$(TARGET_NAME)";
				STRIP_INSTALLED_PRODUCT = YES;
				SUPPORTED_PLATFORMS = "iphoneos iphonesimulator";
				SUPPORTS_MACCATALYST = NO;
				SWIFT_EMIT_LOC_STRINGS = YES;
				SWIFT_OBJC_BRIDGING_HEADER = "$(TARGET_NAME)/FPShaderTypes.h";
				SWIFT_VERSION = 5.0;
				TARGETED_DEVICE_FAMILY = 2;
			};
			name = Debug;
		};
		BCB9806A2ABB3DAA00CC5B08 /* Release */ = {
			isa = XCBuildConfiguration;
			buildSettings = {
				ARCHS = "$(ARCHS_STANDARD)";
				ASSETCATALOG_COMPILER_APPICON_NAME = AppIcon;
				ASSETCATALOG_COMPILER_GLOBAL_ACCENT_COLOR_NAME = AccentColor;
				CODE_SIGN_ENTITLEMENTS = ForwardPlusRendererPort/ForwardPlusRendererPort.entitlements;
				CODE_SIGN_STYLE = Automatic;
				CURRENT_PROJECT_VERSION = 1;
				DEVELOPMENT_TEAM = DPXLR65392;
				ENABLE_ON_DEMAND_RESOURCES = "$(__IS_NOT_MACOS)";
				EXCLUDED_ARCHS = "";
				GENERATE_INFOPLIST_FILE = YES;
				INFOPLIST_KEY_UIApplicationSupportsIndirectInputEvents = YES;
				INFOPLIST_KEY_UILaunchStoryboardName = LaunchScreen;
				INFOPLIST_KEY_UIMainStoryboardFile = Main;
				INFOPLIST_KEY_UIStatusBarHidden = YES;
				INFOPLIST_KEY_UISupportedInterfaceOrientations_iPad = "UIInterfaceOrientationPortrait UIInterfaceOrientationPortraitUpsideDown UIInterfaceOrientationLandscapeLeft UIInterfaceOrientationLandscapeRight";
				INFOPLIST_KEY_UISupportedInterfaceOrientations_iPhone = "UIInterfaceOrientationPortrait UIInterfaceOrientationLandscapeLeft UIInterfaceOrientationLandscapeRight";
				IPHONEOS_DEPLOYMENT_TARGET = 17.0;
				LD_RUNPATH_SEARCH_PATHS = (
					"$(inherited)",
					"@executable_path/Frameworks",
				);
				MARKETING_VERSION = 1.0;
				PRODUCT_BUNDLE_IDENTIFIER = com.cuthbert.ForwardPlusRendererPort;
				PRODUCT_NAME = "$(TARGET_NAME)";
				STRIP_INSTALLED_PRODUCT = YES;
				SUPPORTED_PLATFORMS = "iphoneos iphonesimulator";
				SUPPORTS_MACCATALYST = NO;
				SWIFT_EMIT_LOC_STRINGS = YES;
				SWIFT_OBJC_BRIDGING_HEADER = "$(TARGET_NAME)/FPShaderTypes.h";
				SWIFT_VERSION = 5.0;
				TARGETED_DEVICE_FAMILY = 2;
			};
			name = Release;
		};
/* End XCBuildConfiguration section */

/* Begin XCConfigurationList section */
		BCB980372ABB3DA800CC5B08 /* Build configuration list for PBXProject "ForwardPlusRendererPort" */ = {
			isa = XCConfigurationList;
			buildConfigurations = (
				BCB980662ABB3DAA00CC5B08 /* Debug */,
				BCB980672ABB3DAA00CC5B08 /* Release */,
			);
			defaultConfigurationIsVisible = 0;
			defaultConfigurationName = Release;
		};
		BCB980682ABB3DAA00CC5B08 /* Build configuration list for PBXNativeTarget "ForwardPlusRendererPort" */ = {
			isa = XCConfigurationList;
			buildConfigurations = (
				BCB980692ABB3DAA00CC5B08 /* Debug */,
				BCB9806A2ABB3DAA00CC5B08 /* Release */,
			);
			defaultConfigurationIsVisible = 0;
			defaultConfigurationName = Release;
		};
/* End XCConfigurationList section */
	};
	rootObject = BCB980342ABB3DA800CC5B08 /* Project object */;
}
